
Microsoft Visual Studio Solution File, Format Version 12.00
# Visual Studio Version 17
VisualStudioVersion = 17.11.35312.102
MinimumVisualStudioVersion = 10.0.40219.1
Project("{FAE04EC0-301F-11D3-BF4B-00C04F79EFBC}") = "Ursache_Monika_Lab1", "Ursache_Monika_Lab1.csproj", "{4D48D467-4120-4571-89CE-62F79B9AA528}"
EndProject
Global
	GlobalSection(SolutionConfigurationPlatforms) = preSolution
		Debug|Any CPU = Debug|Any CPU
		Release|Any CPU = Release|Any CPU
	EndGlobalSection
	GlobalSection(ProjectConfigurationPlatforms) = postSolution
		{4D48D467-4120-4571-89CE-62F79B9AA528}.Debug|Any CPU.ActiveCfg = Debug|Any CPU
		{4D48D467-4120-4571-89CE-62F79B9AA528}.Debug|Any CPU.Build.0 = Debug|Any CPU
		{4D48D467-4120-4571-89CE-62F79B9AA528}.Release|Any CPU.ActiveCfg = Release|Any CPU
		{4D48D467-4120-4571-89CE-62F79B9AA528}.Release|Any CPU.Build.0 = Release|Any CPU
	EndGlobalSection
	GlobalSection(SolutionProperties) = preSolution
		HideSolutionNode = FALSE
	EndGlobalSection
	GlobalSection(ExtensibilityGlobals) = postSolution
		SolutionGuid = {46A1A39E-8DA4-4EAC-888E-60B7D7363C9C}
	EndGlobalSection
EndGlobal
